// !$*UTF8*$!
{
	archiveVersion = 1;
	classes = {
	};
	objectVersion = 55;
	objects = {

/* Begin PBXBuildFile section */
		4161F9B52956A86F00E2AED0 /* TestSnapShotARView.swift in Sources */ = {isa = PBXBuildFile; fileRef = 4161F9B42956A86F00E2AED0 /* TestSnapShotARView.swift */; };
		4161F9B829576D1000E2AED0 /* Tj.usdz in Resources */ = {isa = PBXBuildFile; fileRef = 4161F9B729576D1000E2AED0 /* Tj.usdz */; };
		5E0514B629569D8200CE3C03 /* AppDelegate.swift in Sources */ = {isa = PBXBuildFile; fileRef = 5E0514B529569D8200CE3C03 /* AppDelegate.swift */; };
		5E0514B829569D8200CE3C03 /* ContentView.swift in Sources */ = {isa = PBXBuildFile; fileRef = 5E0514B729569D8200CE3C03 /* ContentView.swift */; };
		5E0514BA29569D8200CE3C03 /* Experience.rcproject in Sources */ = {isa = PBXBuildFile; fileRef = 5E0514B929569D8200CE3C03 /* Experience.rcproject */; };
		5E0514BC29569D8400CE3C03 /* Assets.xcassets in Resources */ = {isa = PBXBuildFile; fileRef = 5E0514BB29569D8400CE3C03 /* Assets.xcassets */; };
		5E0514BF29569D8400CE3C03 /* Preview Assets.xcassets in Resources */ = {isa = PBXBuildFile; fileRef = 5E0514BE29569D8400CE3C03 /* Preview Assets.xcassets */; };
		5E0514C929569D8400CE3C03 /* Winter_ARTests.swift in Sources */ = {isa = PBXBuildFile; fileRef = 5E0514C829569D8400CE3C03 /* Winter_ARTests.swift */; };
		5E0514D329569D8400CE3C03 /* Winter_ARUITests.swift in Sources */ = {isa = PBXBuildFile; fileRef = 5E0514D229569D8400CE3C03 /* Winter_ARUITests.swift */; };
		5E0514D529569D8400CE3C03 /* Winter_ARUITestsLaunchTests.swift in Sources */ = {isa = PBXBuildFile; fileRef = 5E0514D429569D8400CE3C03 /* Winter_ARUITestsLaunchTests.swift */; };
/* End PBXBuildFile section */

/* Begin PBXContainerItemProxy section */
		5E0514C529569D8400CE3C03 /* PBXContainerItemProxy */ = {
			isa = PBXContainerItemProxy;
			containerPortal = 5E0514AA29569D8200CE3C03 /* Project object */;
			proxyType = 1;
			remoteGlobalIDString = 5E0514B129569D8200CE3C03;
			remoteInfo = "Winter-AR";
		};
		5E0514CF29569D8400CE3C03 /* PBXContainerItemProxy */ = {
			isa = PBXContainerItemProxy;
			containerPortal = 5E0514AA29569D8200CE3C03 /* Project object */;
			proxyType = 1;
			remoteGlobalIDString = 5E0514B129569D8200CE3C03;
			remoteInfo = "Winter-AR";
		};
/* End PBXContainerItemProxy section */

/* Begin PBXFileReference section */
		4161F9B42956A86F00E2AED0 /* TestSnapShotARView.swift */ = {isa = PBXFileReference; lastKnownFileType = sourcecode.swift; path = TestSnapShotARView.swift; sourceTree = "<group>"; };
		4161F9B62956BB9100E2AED0 /* Info.plist */ = {isa = PBXFileReference; lastKnownFileType = text.plist; path = Info.plist; sourceTree = "<group>"; };
		4161F9B729576D1000E2AED0 /* Tj.usdz */ = {isa = PBXFileReference; lastKnownFileType = file.usdz; path = Tj.usdz; sourceTree = "<group>"; };
		5E0514B229569D8200CE3C03 /* Winter-AR.app */ = {isa = PBXFileReference; explicitFileType = wrapper.application; includeInIndex = 0; path = "Winter-AR.app"; sourceTree = BUILT_PRODUCTS_DIR; };
		5E0514B529569D8200CE3C03 /* AppDelegate.swift */ = {isa = PBXFileReference; lastKnownFileType = sourcecode.swift; path = AppDelegate.swift; sourceTree = "<group>"; };
		5E0514B729569D8200CE3C03 /* ContentView.swift */ = {isa = PBXFileReference; lastKnownFileType = sourcecode.swift; path = ContentView.swift; sourceTree = "<group>"; };
		5E0514B929569D8200CE3C03 /* Experience.rcproject */ = {isa = PBXFileReference; lastKnownFileType = file.rcproject; path = Experience.rcproject; sourceTree = "<group>"; };
		5E0514BB29569D8400CE3C03 /* Assets.xcassets */ = {isa = PBXFileReference; lastKnownFileType = folder.assetcatalog; path = Assets.xcassets; sourceTree = "<group>"; };
		5E0514BE29569D8400CE3C03 /* Preview Assets.xcassets */ = {isa = PBXFileReference; lastKnownFileType = folder.assetcatalog; path = "Preview Assets.xcassets"; sourceTree = "<group>"; };
		5E0514C429569D8400CE3C03 /* Winter-ARTests.xctest */ = {isa = PBXFileReference; explicitFileType = wrapper.cfbundle; includeInIndex = 0; path = "Winter-ARTests.xctest"; sourceTree = BUILT_PRODUCTS_DIR; };
		5E0514C829569D8400CE3C03 /* Winter_ARTests.swift */ = {isa = PBXFileReference; lastKnownFileType = sourcecode.swift; path = Winter_ARTests.swift; sourceTree = "<group>"; };
		5E0514CE29569D8400CE3C03 /* Winter-ARUITests.xctest */ = {isa = PBXFileReference; explicitFileType = wrapper.cfbundle; includeInIndex = 0; path = "Winter-ARUITests.xctest"; sourceTree = BUILT_PRODUCTS_DIR; };
		5E0514D229569D8400CE3C03 /* Winter_ARUITests.swift */ = {isa = PBXFileReference; lastKnownFileType = sourcecode.swift; path = Winter_ARUITests.swift; sourceTree = "<group>"; };
		5E0514D429569D8400CE3C03 /* Winter_ARUITestsLaunchTests.swift */ = {isa = PBXFileReference; lastKnownFileType = sourcecode.swift; path = Winter_ARUITestsLaunchTests.swift; sourceTree = "<group>"; };
		5E7CE0DF295766800065C64D /* Test.usdz */ = {isa = PBXFileReference; lastKnownFileType = file.usdz; path = Test.usdz; sourceTree = "<group>"; };
/* End PBXFileReference section */

/* Begin PBXFrameworksBuildPhase section */
		5E0514AF29569D8200CE3C03 /* Frameworks */ = {
			isa = PBXFrameworksBuildPhase;
			buildActionMask = 2147483647;
			files = (
			);
			runOnlyForDeploymentPostprocessing = 0;
		};
		5E0514C129569D8400CE3C03 /* Frameworks */ = {
			isa = PBXFrameworksBuildPhase;
			buildActionMask = 2147483647;
			files = (
			);
			runOnlyForDeploymentPostprocessing = 0;
		};
		5E0514CB29569D8400CE3C03 /* Frameworks */ = {
			isa = PBXFrameworksBuildPhase;
			buildActionMask = 2147483647;
			files = (
			);
			runOnlyForDeploymentPostprocessing = 0;
		};
/* End PBXFrameworksBuildPhase section */

/* Begin PBXGroup section */
		5E0514A929569D8100CE3C03 = {
			isa = PBXGroup;
			children = (
				5E0514B429569D8200CE3C03 /* Winter-AR */,
				5E0514C729569D8400CE3C03 /* Winter-ARTests */,
				5E0514D129569D8400CE3C03 /* Winter-ARUITests */,
				5E0514B329569D8200CE3C03 /* Products */,
			);
			sourceTree = "<group>";
		};
		5E0514B329569D8200CE3C03 /* Products */ = {
			isa = PBXGroup;
			children = (
				5E0514B229569D8200CE3C03 /* Winter-AR.app */,
				5E0514C429569D8400CE3C03 /* Winter-ARTests.xctest */,
				5E0514CE29569D8400CE3C03 /* Winter-ARUITests.xctest */,
			);
			name = Products;
			sourceTree = "<group>";
		};
		5E0514B429569D8200CE3C03 /* Winter-AR */ = {
			isa = PBXGroup;
			children = (
				5E7CE0DF295766800065C64D /* Test.usdz */,
				4161F9B62956BB9100E2AED0 /* Info.plist */,
				5E0514B529569D8200CE3C03 /* AppDelegate.swift */,
				5E0514B729569D8200CE3C03 /* ContentView.swift */,
				4161F9B42956A86F00E2AED0 /* TestSnapShotARView.swift */,
				4161F9B729576D1000E2AED0 /* Tj.usdz */,
				5E0514B929569D8200CE3C03 /* Experience.rcproject */,
				5E0514BB29569D8400CE3C03 /* Assets.xcassets */,
				5E0514BD29569D8400CE3C03 /* Preview Content */,
			);
			path = "Winter-AR";
			sourceTree = "<group>";
		};
		5E0514BD29569D8400CE3C03 /* Preview Content */ = {
			isa = PBXGroup;
			children = (
				5E0514BE29569D8400CE3C03 /* Preview Assets.xcassets */,
			);
			path = "Preview Content";
			sourceTree = "<group>";
		};
		5E0514C729569D8400CE3C03 /* Winter-ARTests */ = {
			isa = PBXGroup;
			children = (
				5E0514C829569D8400CE3C03 /* Winter_ARTests.swift */,
			);
			path = "Winter-ARTests";
			sourceTree = "<group>";
		};
		5E0514D129569D8400CE3C03 /* Winter-ARUITests */ = {
			isa = PBXGroup;
			children = (
				5E0514D229569D8400CE3C03 /* Winter_ARUITests.swift */,
				5E0514D429569D8400CE3C03 /* Winter_ARUITestsLaunchTests.swift */,
			);
			path = "Winter-ARUITests";
			sourceTree = "<group>";
		};
/* End PBXGroup section */

/* Begin PBXNativeTarget section */
		5E0514B129569D8200CE3C03 /* Winter-AR */ = {
			isa = PBXNativeTarget;
			buildConfigurationList = 5E0514D829569D8400CE3C03 /* Build configuration list for PBXNativeTarget "Winter-AR" */;
			buildPhases = (
				5E0514AE29569D8200CE3C03 /* Sources */,
				5E0514AF29569D8200CE3C03 /* Frameworks */,
				5E0514B029569D8200CE3C03 /* Resources */,
			);
			buildRules = (
			);
			dependencies = (
			);
			name = "Winter-AR";
			productName = "Winter-AR";
			productReference = 5E0514B229569D8200CE3C03 /* Winter-AR.app */;
			productType = "com.apple.product-type.application";
		};
		5E0514C329569D8400CE3C03 /* Winter-ARTests */ = {
			isa = PBXNativeTarget;
			buildConfigurationList = 5E0514DB29569D8400CE3C03 /* Build configuration list for PBXNativeTarget "Winter-ARTests" */;
			buildPhases = (
				5E0514C029569D8400CE3C03 /* Sources */,
				5E0514C129569D8400CE3C03 /* Frameworks */,
				5E0514C229569D8400CE3C03 /* Resources */,
			);
			buildRules = (
			);
			dependencies = (
				5E0514C629569D8400CE3C03 /* PBXTargetDependency */,
			);
			name = "Winter-ARTests";
			productName = "Winter-ARTests";
			productReference = 5E0514C429569D8400CE3C03 /* Winter-ARTests.xctest */;
			productType = "com.apple.product-type.bundle.unit-test";
		};
		5E0514CD29569D8400CE3C03 /* Winter-ARUITests */ = {
			isa = PBXNativeTarget;
			buildConfigurationList = 5E0514DE29569D8400CE3C03 /* Build configuration list for PBXNativeTarget "Winter-ARUITests" */;
			buildPhases = (
				5E0514CA29569D8400CE3C03 /* Sources */,
				5E0514CB29569D8400CE3C03 /* Frameworks */,
				5E0514CC29569D8400CE3C03 /* Resources */,
			);
			buildRules = (
			);
			dependencies = (
				5E0514D029569D8400CE3C03 /* PBXTargetDependency */,
			);
			name = "Winter-ARUITests";
			productName = "Winter-ARUITests";
			productReference = 5E0514CE29569D8400CE3C03 /* Winter-ARUITests.xctest */;
			productType = "com.apple.product-type.bundle.ui-testing";
		};
/* End PBXNativeTarget section */

/* Begin PBXProject section */
		5E0514AA29569D8200CE3C03 /* Project object */ = {
			isa = PBXProject;
			attributes = {
				BuildIndependentTargetsInParallel = 1;
				LastSwiftUpdateCheck = 1340;
				LastUpgradeCheck = 1340;
				TargetAttributes = {
					5E0514B129569D8200CE3C03 = {
						CreatedOnToolsVersion = 13.4.1;
					};
					5E0514C329569D8400CE3C03 = {
						CreatedOnToolsVersion = 13.4.1;
						TestTargetID = 5E0514B129569D8200CE3C03;
					};
					5E0514CD29569D8400CE3C03 = {
						CreatedOnToolsVersion = 13.4.1;
						TestTargetID = 5E0514B129569D8200CE3C03;
					};
				};
			};
			buildConfigurationList = 5E0514AD29569D8200CE3C03 /* Build configuration list for PBXProject "Winter-AR" */;
			compatibilityVersion = "Xcode 13.0";
			developmentRegion = en;
			hasScannedForEncodings = 0;
			knownRegions = (
				en,
				Base,
			);
			mainGroup = 5E0514A929569D8100CE3C03;
			productRefGroup = 5E0514B329569D8200CE3C03 /* Products */;
			projectDirPath = "";
			projectRoot = "";
			targets = (
				5E0514B129569D8200CE3C03 /* Winter-AR */,
				5E0514C329569D8400CE3C03 /* Winter-ARTests */,
				5E0514CD29569D8400CE3C03 /* Winter-ARUITests */,
			);
		};
/* End PBXProject section */

/* Begin PBXResourcesBuildPhase section */
		5E0514B029569D8200CE3C03 /* Resources */ = {
			isa = PBXResourcesBuildPhase;
			buildActionMask = 2147483647;
			files = (
				4161F9B829576D1000E2AED0 /* Tj.usdz in Resources */,
				5E0514BF29569D8400CE3C03 /* Preview Assets.xcassets in Resources */,
				5E0514BC29569D8400CE3C03 /* Assets.xcassets in Resources */,
			);
			runOnlyForDeploymentPostprocessing = 0;
		};
		5E0514C229569D8400CE3C03 /* Resources */ = {
			isa = PBXResourcesBuildPhase;
			buildActionMask = 2147483647;
			files = (
			);
			runOnlyForDeploymentPostprocessing = 0;
		};
		5E0514CC29569D8400CE3C03 /* Resources */ = {
			isa = PBXResourcesBuildPhase;
			buildActionMask = 2147483647;
			files = (
			);
			runOnlyForDeploymentPostprocessing = 0;
		};
/* End PBXResourcesBuildPhase section */

/* Begin PBXSourcesBuildPhase section */
		5E0514AE29569D8200CE3C03 /* Sources */ = {
			isa = PBXSourcesBuildPhase;
			buildActionMask = 2147483647;
			files = (
				5E0514B829569D8200CE3C03 /* ContentView.swift in Sources */,
				4161F9B52956A86F00E2AED0 /* TestSnapShotARView.swift in Sources */,
				5E0514B629569D8200CE3C03 /* AppDelegate.swift in Sources */,
				5E0514BA29569D8200CE3C03 /* Experience.rcproject in Sources */,
			);
			runOnlyForDeploymentPostprocessing = 0;
		};
		5E0514C029569D8400CE3C03 /* Sources */ = {
			isa = PBXSourcesBuildPhase;
			buildActionMask = 2147483647;
			files = (
				5E0514C929569D8400CE3C03 /* Winter_ARTests.swift in Sources */,
			);
			runOnlyForDeploymentPostprocessing = 0;
		};
		5E0514CA29569D8400CE3C03 /* Sources */ = {
			isa = PBXSourcesBuildPhase;
			buildActionMask = 2147483647;
			files = (
				5E0514D529569D8400CE3C03 /* Winter_ARUITestsLaunchTests.swift in Sources */,
				5E0514D329569D8400CE3C03 /* Winter_ARUITests.swift in Sources */,
			);
			runOnlyForDeploymentPostprocessing = 0;
		};
/* End PBXSourcesBuildPhase section */

/* Begin PBXTargetDependency section */
		5E0514C629569D8400CE3C03 /* PBXTargetDependency */ = {
			isa = PBXTargetDependency;
			target = 5E0514B129569D8200CE3C03 /* Winter-AR */;
			targetProxy = 5E0514C529569D8400CE3C03 /* PBXContainerItemProxy */;
		};
		5E0514D029569D8400CE3C03 /* PBXTargetDependency */ = {
			isa = PBXTargetDependency;
			target = 5E0514B129569D8200CE3C03 /* Winter-AR */;
			targetProxy = 5E0514CF29569D8400CE3C03 /* PBXContainerItemProxy */;
		};
/* End PBXTargetDependency section */

/* Begin XCBuildConfiguration section */
		5E0514D629569D8400CE3C03 /* Debug */ = {
			isa = XCBuildConfiguration;
			buildSettings = {
				ALWAYS_SEARCH_USER_PATHS = NO;
				CLANG_ANALYZER_NONNULL = YES;
				CLANG_ANALYZER_NUMBER_OBJECT_CONVERSION = YES_AGGRESSIVE;
				CLANG_CXX_LANGUAGE_STANDARD = "gnu++17";
				CLANG_ENABLE_MODULES = YES;
				CLANG_ENABLE_OBJC_ARC = YES;
				CLANG_ENABLE_OBJC_WEAK = YES;
				CLANG_WARN_BLOCK_CAPTURE_AUTORELEASING = YES;
				CLANG_WARN_BOOL_CONVERSION = YES;
				CLANG_WARN_COMMA = YES;
				CLANG_WARN_CONSTANT_CONVERSION = YES;
				CLANG_WARN_DEPRECATED_OBJC_IMPLEMENTATIONS = YES;
				CLANG_WARN_DIRECT_OBJC_ISA_USAGE = YES_ERROR;
				CLANG_WARN_DOCUMENTATION_COMMENTS = YES;
				CLANG_WARN_EMPTY_BODY = YES;
				CLANG_WARN_ENUM_CONVERSION = YES;
				CLANG_WARN_INFINITE_RECURSION = YES;
				CLANG_WARN_INT_CONVERSION = YES;
				CLANG_WARN_NON_LITERAL_NULL_CONVERSION = YES;
				CLANG_WARN_OBJC_IMPLICIT_RETAIN_SELF = YES;
				CLANG_WARN_OBJC_LITERAL_CONVERSION = YES;
				CLANG_WARN_OBJC_ROOT_CLASS = YES_ERROR;
				CLANG_WARN_QUOTED_INCLUDE_IN_FRAMEWORK_HEADER = YES;
				CLANG_WARN_RANGE_LOOP_ANALYSIS = YES;
				CLANG_WARN_STRICT_PROTOTYPES = YES;
				CLANG_WARN_SUSPICIOUS_MOVE = YES;
				CLANG_WARN_UNGUARDED_AVAILABILITY = YES_AGGRESSIVE;
				CLANG_WARN_UNREACHABLE_CODE = YES;
				CLANG_WARN__DUPLICATE_METHOD_MATCH = YES;
				COPY_PHASE_STRIP = NO;
				DEBUG_INFORMATION_FORMAT = dwarf;
				ENABLE_STRICT_OBJC_MSGSEND = YES;
				ENABLE_TESTABILITY = YES;
				GCC_C_LANGUAGE_STANDARD = gnu11;
				GCC_DYNAMIC_NO_PIC = NO;
				GCC_NO_COMMON_BLOCKS = YES;
				GCC_OPTIMIZATION_LEVEL = 0;
				GCC_PREPROCESSOR_DEFINITIONS = (
					"DEBUG=1",
					"$(inherited)",
				);
				GCC_WARN_64_TO_32_BIT_CONVERSION = YES;
				GCC_WARN_ABOUT_RETURN_TYPE = YES_ERROR;
				GCC_WARN_UNDECLARED_SELECTOR = YES;
				GCC_WARN_UNINITIALIZED_AUTOS = YES_AGGRESSIVE;
				GCC_WARN_UNUSED_FUNCTION = YES;
				GCC_WARN_UNUSED_VARIABLE = YES;
				IPHONEOS_DEPLOYMENT_TARGET = 15.5;
				MTL_ENABLE_DEBUG_INFO = INCLUDE_SOURCE;
				MTL_FAST_MATH = YES;
				ONLY_ACTIVE_ARCH = YES;
				SDKROOT = iphoneos;
				SWIFT_ACTIVE_COMPILATION_CONDITIONS = DEBUG;
				SWIFT_OPTIMIZATION_LEVEL = "-Onone";
			};
			name = Debug;
		};
		5E0514D729569D8400CE3C03 /* Release */ = {
			isa = XCBuildConfiguration;
			buildSettings = {
				ALWAYS_SEARCH_USER_PATHS = NO;
				CLANG_ANALYZER_NONNULL = YES;
				CLANG_ANALYZER_NUMBER_OBJECT_CONVERSION = YES_AGGRESSIVE;
				CLANG_CXX_LANGUAGE_STANDARD = "gnu++17";
				CLANG_ENABLE_MODULES = YES;
				CLANG_ENABLE_OBJC_ARC = YES;
				CLANG_ENABLE_OBJC_WEAK = YES;
				CLANG_WARN_BLOCK_CAPTURE_AUTORELEASING = YES;
				CLANG_WARN_BOOL_CONVERSION = YES;
				CLANG_WARN_COMMA = YES;
				CLANG_WARN_CONSTANT_CONVERSION = YES;
				CLANG_WARN_DEPRECATED_OBJC_IMPLEMENTATIONS = YES;
				CLANG_WARN_DIRECT_OBJC_ISA_USAGE = YES_ERROR;
				CLANG_WARN_DOCUMENTATION_COMMENTS = YES;
				CLANG_WARN_EMPTY_BODY = YES;
				CLANG_WARN_ENUM_CONVERSION = YES;
				CLANG_WARN_INFINITE_RECURSION = YES;
				CLANG_WARN_INT_CONVERSION = YES;
				CLANG_WARN_NON_LITERAL_NULL_CONVERSION = YES;
				CLANG_WARN_OBJC_IMPLICIT_RETAIN_SELF = YES;
				CLANG_WARN_OBJC_LITERAL_CONVERSION = YES;
				CLANG_WARN_OBJC_ROOT_CLASS = YES_ERROR;
				CLANG_WARN_QUOTED_INCLUDE_IN_FRAMEWORK_HEADER = YES;
				CLANG_WARN_RANGE_LOOP_ANALYSIS = YES;
				CLANG_WARN_STRICT_PROTOTYPES = YES;
				CLANG_WARN_SUSPICIOUS_MOVE = YES;
				CLANG_WARN_UNGUARDED_AVAILABILITY = YES_AGGRESSIVE;
				CLANG_WARN_UNREACHABLE_CODE = YES;
				CLANG_WARN__DUPLICATE_METHOD_MATCH = YES;
				COPY_PHASE_STRIP = NO;
				DEBUG_INFORMATION_FORMAT = "dwarf-with-dsym";
				ENABLE_NS_ASSERTIONS = NO;
				ENABLE_STRICT_OBJC_MSGSEND = YES;
				GCC_C_LANGUAGE_STANDARD = gnu11;
				GCC_NO_COMMON_BLOCKS = YES;
				GCC_WARN_64_TO_32_BIT_CONVERSION = YES;
				GCC_WARN_ABOUT_RETURN_TYPE = YES_ERROR;
				GCC_WARN_UNDECLARED_SELECTOR = YES;
				GCC_WARN_UNINITIALIZED_AUTOS = YES_AGGRESSIVE;
				GCC_WARN_UNUSED_FUNCTION = YES;
				GCC_WARN_UNUSED_VARIABLE = YES;
				IPHONEOS_DEPLOYMENT_TARGET = 15.5;
				MTL_ENABLE_DEBUG_INFO = NO;
				MTL_FAST_MATH = YES;
				SDKROOT = iphoneos;
				SWIFT_COMPILATION_MODE = wholemodule;
				SWIFT_OPTIMIZATION_LEVEL = "-O";
				VALIDATE_PRODUCT = YES;
			};
			name = Release;
		};
		5E0514D929569D8400CE3C03 /* Debug */ = {
			isa = XCBuildConfiguration;
			buildSettings = {
				ASSETCATALOG_COMPILER_APPICON_NAME = AppIcon;
				ASSETCATALOG_COMPILER_GLOBAL_ACCENT_COLOR_NAME = AccentColor;
				CODE_SIGN_STYLE = Automatic;
				CURRENT_PROJECT_VERSION = 1;
				DEVELOPMENT_ASSET_PATHS = "\"Winter-AR/Preview Content\"";
				DEVELOPMENT_TEAM = 98KY3D4YDU;
				ENABLE_PREVIEWS = YES;
				GENERATE_INFOPLIST_FILE = YES;
				INFOPLIST_FILE = "Winter-AR/Info.plist";
				INFOPLIST_KEY_NSCameraUsageDescription = "";
				INFOPLIST_KEY_NSPhotoLibraryUsageDescription = "some desc";
				INFOPLIST_KEY_UIApplicationSupportsIndirectInputEvents = YES;
				INFOPLIST_KEY_UILaunchScreen_Generation = YES;
				INFOPLIST_KEY_UIRequiredDeviceCapabilities = arkit;
				INFOPLIST_KEY_UIStatusBarHidden = YES;
				INFOPLIST_KEY_UISupportedInterfaceOrientations_iPad = "UIInterfaceOrientationPortrait UIInterfaceOrientationPortraitUpsideDown UIInterfaceOrientationLandscapeLeft UIInterfaceOrientationLandscapeRight";
				INFOPLIST_KEY_UISupportedInterfaceOrientations_iPhone = "UIInterfaceOrientationPortrait UIInterfaceOrientationLandscapeLeft UIInterfaceOrientationLandscapeRight";
				LD_RUNPATH_SEARCH_PATHS = (
					"$(inherited)",
					"@executable_path/Frameworks",
				);
				MARKETING_VERSION = 1.0;
				PRODUCT_BUNDLE_IDENTIFIER = "ayushrgarg.Winter-AR";
				PRODUCT_NAME = "$(TARGET_NAME)";
				SWIFT_EMIT_LOC_STRINGS = YES;
				SWIFT_VERSION = 5.0;
				TARGETED_DEVICE_FAMILY = "1,2";
			};
			name = Debug;
		};
		5E0514DA29569D8400CE3C03 /* Release */ = {
			isa = XCBuildConfiguration;
			buildSettings = {
				ASSETCATALOG_COMPILER_APPICON_NAME = AppIcon;
				ASSETCATALOG_COMPILER_GLOBAL_ACCENT_COLOR_NAME = AccentColor;
				CODE_SIGN_STYLE = Automatic;
				CURRENT_PROJECT_VERSION = 1;
				DEVELOPMENT_ASSET_PATHS = "\"Winter-AR/Preview Content\"";
				DEVELOPMENT_TEAM = 98KY3D4YDU;
				ENABLE_PREVIEWS = YES;
				GENERATE_INFOPLIST_FILE = YES;
				INFOPLIST_FILE = "Winter-AR/Info.plist";
				INFOPLIST_KEY_NSCameraUsageDescription = "";
				INFOPLIST_KEY_NSPhotoLibraryUsageDescription = "some desc";
				INFOPLIST_KEY_UIApplicationSupportsIndirectInputEvents = YES;
				INFOPLIST_KEY_UILaunchScreen_Generation = YES;
				INFOPLIST_KEY_UIRequiredDeviceCapabilities = arkit;
				INFOPLIST_KEY_UIStatusBarHidden = YES;
				INFOPLIST_KEY_UISupportedInterfaceOrientations_iPad = "UIInterfaceOrientationPortrait UIInterfaceOrientationPortraitUpsideDown UIInterfaceOrientationLandscapeLeft UIInterfaceOrientationLandscapeRight";
				INFOPLIST_KEY_UISupportedInterfaceOrientations_iPhone = "UIInterfaceOrientationPortrait UIInterfaceOrientationLandscapeLeft UIInterfaceOrientationLandscapeRight";
				LD_RUNPATH_SEARCH_PATHS = (
					"$(inherited)",
					"@executable_path/Frameworks",
				);
				MARKETING_VERSION = 1.0;
				PRODUCT_BUNDLE_IDENTIFIER = "ayushrgarg.Winter-AR";
				PRODUCT_NAME = "$(TARGET_NAME)";
				SWIFT_EMIT_LOC_STRINGS = YES;
				SWIFT_VERSION = 5.0;
				TARGETED_DEVICE_FAMILY = "1,2";
			};
			name = Release;
		};
		5E0514DC29569D8400CE3C03 /* Debug */ = {
			isa = XCBuildConfiguration;
			buildSettings = {
				ALWAYS_EMBED_SWIFT_STANDARD_LIBRARIES = YES;
				BUNDLE_LOADER = "$(TEST_HOST)";
				CODE_SIGN_STYLE = Automatic;
				CURRENT_PROJECT_VERSION = 1;
				DEVELOPMENT_TEAM = 98KY3D4YDU;
				GENERATE_INFOPLIST_FILE = YES;
				IPHONEOS_DEPLOYMENT_TARGET = 15.5;
				MARKETING_VERSION = 1.0;
				PRODUCT_BUNDLE_IDENTIFIER = "ayushrgarg.Winter-ARTests";
				PRODUCT_NAME = "$(TARGET_NAME)";
				SWIFT_EMIT_LOC_STRINGS = NO;
				SWIFT_VERSION = 5.0;
				TARGETED_DEVICE_FAMILY = "1,2";
				TEST_HOST = "$(BUILT_PRODUCTS_DIR)/Winter-AR.app/Winter-AR";
			};
			name = Debug;
		};
		5E0514DD29569D8400CE3C03 /* Release */ = {
			isa = XCBuildConfiguration;
			buildSettings = {
				ALWAYS_EMBED_SWIFT_STANDARD_LIBRARIES = YES;
				BUNDLE_LOADER = "$(TEST_HOST)";
				CODE_SIGN_STYLE = Automatic;
				CURRENT_PROJECT_VERSION = 1;
				DEVELOPMENT_TEAM = 98KY3D4YDU;
				GENERATE_INFOPLIST_FILE = YES;
				IPHONEOS_DEPLOYMENT_TARGET = 15.5;
				MARKETING_VERSION = 1.0;
				PRODUCT_BUNDLE_IDENTIFIER = "ayushrgarg.Winter-ARTests";
				PRODUCT_NAME = "$(TARGET_NAME)";
				SWIFT_EMIT_LOC_STRINGS = NO;
				SWIFT_VERSION = 5.0;
				TARGETED_DEVICE_FAMILY = "1,2";
				TEST_HOST = "$(BUILT_PRODUCTS_DIR)/Winter-AR.app/Winter-AR";
			};
			name = Release;
		};
		5E0514DF29569D8400CE3C03 /* Debug */ = {
			isa = XCBuildConfiguration;
			buildSettings = {
				ALWAYS_EMBED_SWIFT_STANDARD_LIBRARIES = YES;
				CODE_SIGN_STYLE = Automatic;
				CURRENT_PROJECT_VERSION = 1;
				DEVELOPMENT_TEAM = 98KY3D4YDU;
				GENERATE_INFOPLIST_FILE = YES;
				MARKETING_VERSION = 1.0;
				PRODUCT_BUNDLE_IDENTIFIER = "ayushrgarg.Winter-ARUITests";
				PRODUCT_NAME = "$(TARGET_NAME)";
				SWIFT_EMIT_LOC_STRINGS = NO;
				SWIFT_VERSION = 5.0;
				TARGETED_DEVICE_FAMILY = "1,2";
				TEST_TARGET_NAME = "Winter-AR";
			};
			name = Debug;
		};
		5E0514E029569D8400CE3C03 /* Release */ = {
			isa = XCBuildConfiguration;
			buildSettings = {
				ALWAYS_EMBED_SWIFT_STANDARD_LIBRARIES = YES;
				CODE_SIGN_STYLE = Automatic;
				CURRENT_PROJECT_VERSION = 1;
				DEVELOPMENT_TEAM = 98KY3D4YDU;
				GENERATE_INFOPLIST_FILE = YES;
				MARKETING_VERSION = 1.0;
				PRODUCT_BUNDLE_IDENTIFIER = "ayushrgarg.Winter-ARUITests";
				PRODUCT_NAME = "$(TARGET_NAME)";
				SWIFT_EMIT_LOC_STRINGS = NO;
				SWIFT_VERSION = 5.0;
				TARGETED_DEVICE_FAMILY = "1,2";
				TEST_TARGET_NAME = "Winter-AR";
			};
			name = Release;
		};
/* End XCBuildConfiguration section */

/* Begin XCConfigurationList section */
		5E0514AD29569D8200CE3C03 /* Build configuration list for PBXProject "Winter-AR" */ = {
			isa = XCConfigurationList;
			buildConfigurations = (
				5E0514D629569D8400CE3C03 /* Debug */,
				5E0514D729569D8400CE3C03 /* Release */,
			);
			defaultConfigurationIsVisible = 0;
			defaultConfigurationName = Release;
		};
		5E0514D829569D8400CE3C03 /* Build configuration list for PBXNativeTarget "Winter-AR" */ = {
			isa = XCConfigurationList;
			buildConfigurations = (
				5E0514D929569D8400CE3C03 /* Debug */,
				5E0514DA29569D8400CE3C03 /* Release */,
			);
			defaultConfigurationIsVisible = 0;
			defaultConfigurationName = Release;
		};
		5E0514DB29569D8400CE3C03 /* Build configuration list for PBXNativeTarget "Winter-ARTests" */ = {
			isa = XCConfigurationList;
			buildConfigurations = (
				5E0514DC29569D8400CE3C03 /* Debug */,
				5E0514DD29569D8400CE3C03 /* Release */,
			);
			defaultConfigurationIsVisible = 0;
			defaultConfigurationName = Release;
		};
		5E0514DE29569D8400CE3C03 /* Build configuration list for PBXNativeTarget "Winter-ARUITests" */ = {
			isa = XCConfigurationList;
			buildConfigurations = (
				5E0514DF29569D8400CE3C03 /* Debug */,
				5E0514E029569D8400CE3C03 /* Release */,
			);
			defaultConfigurationIsVisible = 0;
			defaultConfigurationName = Release;
		};
/* End XCConfigurationList section */
	};
	rootObject = 5E0514AA29569D8200CE3C03 /* Project object */;
}
